
Microsoft Visual Studio Solution File, Format Version 12.00
# Visual Studio Version 16
VisualStudioVersion = 16.0.30523.141
MinimumVisualStudioVersion = 10.0.40219.1
Project("{9A19103F-16F7-4668-BE54-9A1E7A4F7556}") = "QSharp", "QSharp.csproj", "{43BD1841-C2A9-45F4-9A9F-D544C3BB28CE}"
EndProject
Global
	GlobalSection(SolutionConfigurationPlatforms) = preSolution
		Debug|Any CPU = Debug|Any CPU
		Release|Any CPU = Release|Any CPU
	EndGlobalSection
	GlobalSection(ProjectConfigurationPlatforms) = postSolution
		{43BD1841-C2A9-45F4-9A9F-D544C3BB28CE}.Debug|Any CPU.ActiveCfg = Debug|Any CPU
		{43BD1841-C2A9-45F4-9A9F-D544C3BB28CE}.Debug|Any CPU.Build.0 = Debug|Any CPU
		{43BD1841-C2A9-45F4-9A9F-D544C3BB28CE}.Release|Any CPU.ActiveCfg = Release|Any CPU
		{43BD1841-C2A9-45F4-9A9F-D544C3BB28CE}.Release|Any CPU.Build.0 = Release|Any CPU
	EndGlobalSection
	GlobalSection(SolutionProperties) = preSolution
		HideSolutionNode = FALSE
	EndGlobalSection
	GlobalSection(ExtensibilityGlobals) = postSolution
		SolutionGuid = {E32236D0-AFF7-42A7-8FD8-6ECA1413AF99}
	EndGlobalSection
EndGlobal
